
Microsoft Visual Studio Solution File, Format Version 12.00
# Visual Studio Version 17
VisualStudioVersion = 17.5.33530.505
MinimumVisualStudioVersion = 10.0.40219.1
Project("{FAE04EC0-301F-11D3-BF4B-00C04F79EFBC}") = "WatiTest", "WatiTest.csproj", "{F95175F0-B831-4591-B7C4-872BB894478A}"
EndProject
Project("{FAE04EC0-301F-11D3-BF4B-00C04F79EFBC}") = "TestProject1", "..\TestProject1\TestProject1.csproj", "{BDB6D50E-A152-4666-92AE-152BC50C7061}"
EndProject
Global
	GlobalSection(SolutionConfigurationPlatforms) = preSolution
		Debug|Any CPU = Debug|Any CPU
		Release|Any CPU = Release|Any CPU
	EndGlobalSection
	GlobalSection(ProjectConfigurationPlatforms) = postSolution
		{F95175F0-B831-4591-B7C4-872BB894478A}.Debug|Any CPU.ActiveCfg = Debug|Any CPU
		{F95175F0-B831-4591-B7C4-872BB894478A}.Debug|Any CPU.Build.0 = Debug|Any CPU
		{F95175F0-B831-4591-B7C4-872BB894478A}.Release|Any CPU.ActiveCfg = Release|Any CPU
		{F95175F0-B831-4591-B7C4-872BB894478A}.Release|Any CPU.Build.0 = Release|Any CPU
		{BDB6D50E-A152-4666-92AE-152BC50C7061}.Debug|Any CPU.ActiveCfg = Debug|Any CPU
		{BDB6D50E-A152-4666-92AE-152BC50C7061}.Debug|Any CPU.Build.0 = Debug|Any CPU
		{BDB6D50E-A152-4666-92AE-152BC50C7061}.Release|Any CPU.ActiveCfg = Release|Any CPU
		{BDB6D50E-A152-4666-92AE-152BC50C7061}.Release|Any CPU.Build.0 = Release|Any CPU
	EndGlobalSection
	GlobalSection(SolutionProperties) = preSolution
		HideSolutionNode = FALSE
	EndGlobalSection
	GlobalSection(ExtensibilityGlobals) = postSolution
		SolutionGuid = {0E0141BD-1692-495C-A44F-4FD70A699597}
	EndGlobalSection
EndGlobal
